
Microsoft Visual Studio Solution File, Format Version 12.00
# Visual Studio Version 16
VisualStudioVersion = 16.0.35026.282
MinimumVisualStudioVersion = 10.0.40219.1
Project("{FAE04EC0-301F-11D3-BF4B-00C04F79EFBC}") = "MACACO", "MACACO\MACACO.csproj", "{C2032C62-D158-448B-BBCB-288C3C496D67}"
EndProject
Global
	GlobalSection(SolutionConfigurationPlatforms) = preSolution
		Debug|Any CPU = Debug|Any CPU
		Release|Any CPU = Release|Any CPU
	EndGlobalSection
	GlobalSection(ProjectConfigurationPlatforms) = postSolution
		{C2032C62-D158-448B-BBCB-288C3C496D67}.Debug|Any CPU.ActiveCfg = Debug|Any CPU
		{C2032C62-D158-448B-BBCB-288C3C496D67}.Debug|Any CPU.Build.0 = Debug|Any CPU
		{C2032C62-D158-448B-BBCB-288C3C496D67}.Release|Any CPU.ActiveCfg = Release|Any CPU
		{C2032C62-D158-448B-BBCB-288C3C496D67}.Release|Any CPU.Build.0 = Release|Any CPU
	EndGlobalSection
	GlobalSection(SolutionProperties) = preSolution
		HideSolutionNode = FALSE
	EndGlobalSection
	GlobalSection(ExtensibilityGlobals) = postSolution
		SolutionGuid = {14EA48BB-75FD-46EF-8F5A-A93FA1BD8DAB}
	EndGlobalSection
EndGlobal
